
Microsoft Visual Studio Solution File, Format Version 12.00
# Visual Studio Version 17
VisualStudioVersion = 17.7.34031.279
MinimumVisualStudioVersion = 10.0.40219.1
Project("{FAE04EC0-301F-11D3-BF4B-00C04F79EFBC}") = "MemoryGame", "MemoryGame\MemoryGame.csproj", "{99419031-D776-44B3-9127-87AC1DA6A4AF}"
EndProject
Global
	GlobalSection(SolutionConfigurationPlatforms) = preSolution
		Debug|Any CPU = Debug|Any CPU
		Release|Any CPU = Release|Any CPU
	EndGlobalSection
	GlobalSection(ProjectConfigurationPlatforms) = postSolution
		{99419031-D776-44B3-9127-87AC1DA6A4AF}.Debug|Any CPU.ActiveCfg = Debug|Any CPU
		{99419031-D776-44B3-9127-87AC1DA6A4AF}.Debug|Any CPU.Build.0 = Debug|Any CPU
		{99419031-D776-44B3-9127-87AC1DA6A4AF}.Release|Any CPU.ActiveCfg = Release|Any CPU
		{99419031-D776-44B3-9127-87AC1DA6A4AF}.Release|Any CPU.Build.0 = Release|Any CPU
	EndGlobalSection
	GlobalSection(SolutionProperties) = preSolution
		HideSolutionNode = FALSE
	EndGlobalSection
	GlobalSection(ExtensibilityGlobals) = postSolution
		SolutionGuid = {FDF1EA33-9A2B-42A1-BF82-1D72CAC5DAC0}
	EndGlobalSection
EndGlobal
